// !$*UTF8*$!
{
	archiveVersion = 1;
	classes = {
	};
	objectVersion = 48;
	objects = {

/* Begin PBXBuildFile section */
		5501E9161FA4EC7300DB6B0F /* AppDelegate.swift in Sources */ = {isa = PBXBuildFile; fileRef = 5501E9151FA4EC7300DB6B0F /* AppDelegate.swift */; };
		5501E9181FA4EC7300DB6B0F /* ViewController.swift in Sources */ = {isa = PBXBuildFile; fileRef = 5501E9171FA4EC7300DB6B0F /* ViewController.swift */; };
		5501E91B1FA4EC7300DB6B0F /* Main.storyboard in Resources */ = {isa = PBXBuildFile; fileRef = 5501E9191FA4EC7300DB6B0F /* Main.storyboard */; };
		5501E91D1FA4EC7300DB6B0F /* Assets.xcassets in Resources */ = {isa = PBXBuildFile; fileRef = 5501E91C1FA4EC7300DB6B0F /* Assets.xcassets */; };
		5501E9201FA4EC7300DB6B0F /* LaunchScreen.storyboard in Resources */ = {isa = PBXBuildFile; fileRef = 5501E91E1FA4EC7300DB6B0F /* LaunchScreen.storyboard */; };
		5501E92B1FA4EC7300DB6B0F /* Project25Tests.swift in Sources */ = {isa = PBXBuildFile; fileRef = 5501E92A1FA4EC7300DB6B0F /* Project25Tests.swift */; };
/* End PBXBuildFile section */

/* Begin PBXContainerItemProxy section */
		5501E9271FA4EC7300DB6B0F /* PBXContainerItemProxy */ = {
			isa = PBXContainerItemProxy;
			containerPortal = 5501E90A1FA4EC7300DB6B0F /* Project object */;
			proxyType = 1;
			remoteGlobalIDString = 5501E9111FA4EC7300DB6B0F;
			remoteInfo = Project25;
		};
/* End PBXContainerItemProxy section */

/* Begin PBXFileReference section */
		5501E9121FA4EC7300DB6B0F /* Project25.app */ = {isa = PBXFileReference; explicitFileType = wrapper.application; includeInIndex = 0; path = Project25.app; sourceTree = BUILT_PRODUCTS_DIR; };
		5501E9151FA4EC7300DB6B0F /* AppDelegate.swift */ = {isa = PBXFileReference; lastKnownFileType = sourcecode.swift; path = AppDelegate.swift; sourceTree = "<group>"; };
		5501E9171FA4EC7300DB6B0F /* ViewController.swift */ = {isa = PBXFileReference; lastKnownFileType = sourcecode.swift; path = ViewController.swift; sourceTree = "<group>"; };
		5501E91A1FA4EC7300DB6B0F /* Base */ = {isa = PBXFileReference; lastKnownFileType = file.storyboard; name = Base; path = Base.lproj/Main.storyboard; sourceTree = "<group>"; };
		5501E91C1FA4EC7300DB6B0F /* Assets.xcassets */ = {isa = PBXFileReference; lastKnownFileType = folder.assetcatalog; path = Assets.xcassets; sourceTree = "<group>"; };
		5501E91F1FA4EC7300DB6B0F /* Base */ = {isa = PBXFileReference; lastKnownFileType = file.storyboard; name = Base; path = Base.lproj/LaunchScreen.storyboard; sourceTree = "<group>"; };
		5501E9211FA4EC7300DB6B0F /* Info.plist */ = {isa = PBXFileReference; lastKnownFileType = text.plist.xml; path = Info.plist; sourceTree = "<group>"; };
		5501E9261FA4EC7300DB6B0F /* Project25Tests.xctest */ = {isa = PBXFileReference; explicitFileType = wrapper.cfbundle; includeInIndex = 0; path = Project25Tests.xctest; sourceTree = BUILT_PRODUCTS_DIR; };
		5501E92A1FA4EC7300DB6B0F /* Project25Tests.swift */ = {isa = PBXFileReference; lastKnownFileType = sourcecode.swift; path = Project25Tests.swift; sourceTree = "<group>"; };
		5501E92C1FA4EC7300DB6B0F /* Info.plist */ = {isa = PBXFileReference; lastKnownFileType = text.plist.xml; path = Info.plist; sourceTree = "<group>"; };
/* End PBXFileReference section */

/* Begin PBXFrameworksBuildPhase section */
		5501E90F1FA4EC7300DB6B0F /* Frameworks */ = {
			isa = PBXFrameworksBuildPhase;
			buildActionMask = 2147483647;
			files = (
			);
			runOnlyForDeploymentPostprocessing = 0;
		};
		5501E9231FA4EC7300DB6B0F /* Frameworks */ = {
			isa = PBXFrameworksBuildPhase;
			buildActionMask = 2147483647;
			files = (
			);
			runOnlyForDeploymentPostprocessing = 0;
		};
/* End PBXFrameworksBuildPhase section */

/* Begin PBXGroup section */
		5501E9091FA4EC7300DB6B0F = {
			isa = PBXGroup;
			children = (
				5501E9141FA4EC7300DB6B0F /* Project25 */,
				5501E9291FA4EC7300DB6B0F /* Project25Tests */,
				5501E9131FA4EC7300DB6B0F /* Products */,
			);
			sourceTree = "<group>";
		};
		5501E9131FA4EC7300DB6B0F /* Products */ = {
			isa = PBXGroup;
			children = (
				5501E9121FA4EC7300DB6B0F /* Project25.app */,
				5501E9261FA4EC7300DB6B0F /* Project25Tests.xctest */,
			);
			name = Products;
			sourceTree = "<group>";
		};
		5501E9141FA4EC7300DB6B0F /* Project25 */ = {
			isa = PBXGroup;
			children = (
				5501E9151FA4EC7300DB6B0F /* AppDelegate.swift */,
				5501E9171FA4EC7300DB6B0F /* ViewController.swift */,
				5501E9191FA4EC7300DB6B0F /* Main.storyboard */,
				5501E91C1FA4EC7300DB6B0F /* Assets.xcassets */,
				5501E91E1FA4EC7300DB6B0F /* LaunchScreen.storyboard */,
				5501E9211FA4EC7300DB6B0F /* Info.plist */,
			);
			path = Project25;
			sourceTree = "<group>";
		};
		5501E9291FA4EC7300DB6B0F /* Project25Tests */ = {
			isa = PBXGroup;
			children = (
				5501E92A1FA4EC7300DB6B0F /* Project25Tests.swift */,
				5501E92C1FA4EC7300DB6B0F /* Info.plist */,
			);
			path = Project25Tests;
			sourceTree = "<group>";
		};
/* End PBXGroup section */

/* Begin PBXNativeTarget section */
		5501E9111FA4EC7300DB6B0F /* Project25 */ = {
			isa = PBXNativeTarget;
			buildConfigurationList = 5501E92F1FA4EC7300DB6B0F /* Build configuration list for PBXNativeTarget "Project25" */;
			buildPhases = (
				5501E90E1FA4EC7300DB6B0F /* Sources */,
				5501E90F1FA4EC7300DB6B0F /* Frameworks */,
				5501E9101FA4EC7300DB6B0F /* Resources */,
			);
			buildRules = (
			);
			dependencies = (
			);
			name = Project25;
			productName = Project25;
			productReference = 5501E9121FA4EC7300DB6B0F /* Project25.app */;
			productType = "com.apple.product-type.application";
		};
		5501E9251FA4EC7300DB6B0F /* Project25Tests */ = {
			isa = PBXNativeTarget;
			buildConfigurationList = 5501E9321FA4EC7300DB6B0F /* Build configuration list for PBXNativeTarget "Project25Tests" */;
			buildPhases = (
				5501E9221FA4EC7300DB6B0F /* Sources */,
				5501E9231FA4EC7300DB6B0F /* Frameworks */,
				5501E9241FA4EC7300DB6B0F /* Resources */,
			);
			buildRules = (
			);
			dependencies = (
				5501E9281FA4EC7300DB6B0F /* PBXTargetDependency */,
			);
			name = Project25Tests;
			productName = Project25Tests;
			productReference = 5501E9261FA4EC7300DB6B0F /* Project25Tests.xctest */;
			productType = "com.apple.product-type.bundle.unit-test";
		};
/* End PBXNativeTarget section */

/* Begin PBXProject section */
		5501E90A1FA4EC7300DB6B0F /* Project object */ = {
			isa = PBXProject;
			attributes = {
				LastSwiftUpdateCheck = 0900;
				LastUpgradeCheck = 0900;
				ORGANIZATIONNAME = "halloween-jack";
				TargetAttributes = {
					5501E9111FA4EC7300DB6B0F = {
						CreatedOnToolsVersion = 9.0.1;
						ProvisioningStyle = Automatic;
					};
					5501E9251FA4EC7300DB6B0F = {
						CreatedOnToolsVersion = 9.0.1;
						ProvisioningStyle = Automatic;
						TestTargetID = 5501E9111FA4EC7300DB6B0F;
					};
				};
			};
			buildConfigurationList = 5501E90D1FA4EC7300DB6B0F /* Build configuration list for PBXProject "Project25" */;
			compatibilityVersion = "Xcode 8.0";
			developmentRegion = en;
			hasScannedForEncodings = 0;
			knownRegions = (
				en,
				Base,
			);
			mainGroup = 5501E9091FA4EC7300DB6B0F;
			productRefGroup = 5501E9131FA4EC7300DB6B0F /* Products */;
			projectDirPath = "";
			projectRoot = "";
			targets = (
				5501E9111FA4EC7300DB6B0F /* Project25 */,
				5501E9251FA4EC7300DB6B0F /* Project25Tests */,
			);
		};
/* End PBXProject section */

/* Begin PBXResourcesBuildPhase section */
		5501E9101FA4EC7300DB6B0F /* Resources */ = {
			isa = PBXResourcesBuildPhase;
			buildActionMask = 2147483647;
			files = (
				5501E9201FA4EC7300DB6B0F /* LaunchScreen.storyboard in Resources */,
				5501E91D1FA4EC7300DB6B0F /* Assets.xcassets in Resources */,
				5501E91B1FA4EC7300DB6B0F /* Main.storyboard in Resources */,
			);
			runOnlyForDeploymentPostprocessing = 0;
		};
		5501E9241FA4EC7300DB6B0F /* Resources */ = {
			isa = PBXResourcesBuildPhase;
			buildActionMask = 2147483647;
			files = (
			);
			runOnlyForDeploymentPostprocessing = 0;
		};
/* End PBXResourcesBuildPhase section */

/* Begin PBXSourcesBuildPhase section */
		5501E90E1FA4EC7300DB6B0F /* Sources */ = {
			isa = PBXSourcesBuildPhase;
			buildActionMask = 2147483647;
			files = (
				5501E9181FA4EC7300DB6B0F /* ViewController.swift in Sources */,
				5501E9161FA4EC7300DB6B0F /* AppDelegate.swift in Sources */,
			);
			runOnlyForDeploymentPostprocessing = 0;
		};
		5501E9221FA4EC7300DB6B0F /* Sources */ = {
			isa = PBXSourcesBuildPhase;
			buildActionMask = 2147483647;
			files = (
				5501E92B1FA4EC7300DB6B0F /* Project25Tests.swift in Sources */,
			);
			runOnlyForDeploymentPostprocessing = 0;
		};
/* End PBXSourcesBuildPhase section */

/* Begin PBXTargetDependency section */
		5501E9281FA4EC7300DB6B0F /* PBXTargetDependency */ = {
			isa = PBXTargetDependency;
			target = 5501E9111FA4EC7300DB6B0F /* Project25 */;
			targetProxy = 5501E9271FA4EC7300DB6B0F /* PBXContainerItemProxy */;
		};
/* End PBXTargetDependency section */

/* Begin PBXVariantGroup section */
		5501E9191FA4EC7300DB6B0F /* Main.storyboard */ = {
			isa = PBXVariantGroup;
			children = (
				5501E91A1FA4EC7300DB6B0F /* Base */,
			);
			name = Main.storyboard;
			sourceTree = "<group>";
		};
		5501E91E1FA4EC7300DB6B0F /* LaunchScreen.storyboard */ = {
			isa = PBXVariantGroup;
			children = (
				5501E91F1FA4EC7300DB6B0F /* Base */,
			);
			name = LaunchScreen.storyboard;
			sourceTree = "<group>";
		};
/* End PBXVariantGroup section */

/* Begin XCBuildConfiguration section */
		5501E92D1FA4EC7300DB6B0F /* Debug */ = {
			isa = XCBuildConfiguration;
			buildSettings = {
				ALWAYS_SEARCH_USER_PATHS = NO;
				CLANG_ANALYZER_NONNULL = YES;
				CLANG_ANALYZER_NUMBER_OBJECT_CONVERSION = YES_AGGRESSIVE;
				CLANG_CXX_LANGUAGE_STANDARD = "gnu++14";
				CLANG_CXX_LIBRARY = "libc++";
				CLANG_ENABLE_MODULES = YES;
				CLANG_ENABLE_OBJC_ARC = YES;
				CLANG_WARN_BLOCK_CAPTURE_AUTORELEASING = YES;
				CLANG_WARN_BOOL_CONVERSION = YES;
				CLANG_WARN_COMMA = YES;
				CLANG_WARN_CONSTANT_CONVERSION = YES;
				CLANG_WARN_DIRECT_OBJC_ISA_USAGE = YES_ERROR;
				CLANG_WARN_DOCUMENTATION_COMMENTS = YES;
				CLANG_WARN_EMPTY_BODY = YES;
				CLANG_WARN_ENUM_CONVERSION = YES;
				CLANG_WARN_INFINITE_RECURSION = YES;
				CLANG_WARN_INT_CONVERSION = YES;
				CLANG_WARN_NON_LITERAL_NULL_CONVERSION = YES;
				CLANG_WARN_OBJC_LITERAL_CONVERSION = YES;
				CLANG_WARN_OBJC_ROOT_CLASS = YES_ERROR;
				CLANG_WARN_RANGE_LOOP_ANALYSIS = YES;
				CLANG_WARN_STRICT_PROTOTYPES = YES;
				CLANG_WARN_SUSPICIOUS_MOVE = YES;
				CLANG_WARN_UNGUARDED_AVAILABILITY = YES_AGGRESSIVE;
				CLANG_WARN_UNREACHABLE_CODE = YES;
				CLANG_WARN__DUPLICATE_METHOD_MATCH = YES;
				CODE_SIGN_IDENTITY = "iPhone Developer";
				COPY_PHASE_STRIP = NO;
				DEBUG_INFORMATION_FORMAT = dwarf;
				ENABLE_STRICT_OBJC_MSGSEND = YES;
				ENABLE_TESTABILITY = YES;
				GCC_C_LANGUAGE_STANDARD = gnu11;
				GCC_DYNAMIC_NO_PIC = NO;
				GCC_NO_COMMON_BLOCKS = YES;
				GCC_OPTIMIZATION_LEVEL = 0;
				GCC_PREPROCESSOR_DEFINITIONS = (
					"DEBUG=1",
					"$(inherited)",
				);
				GCC_WARN_64_TO_32_BIT_CONVERSION = YES;
				GCC_WARN_ABOUT_RETURN_TYPE = YES_ERROR;
				GCC_WARN_UNDECLARED_SELECTOR = YES;
				GCC_WARN_UNINITIALIZED_AUTOS = YES_AGGRESSIVE;
				GCC_WARN_UNUSED_FUNCTION = YES;
				GCC_WARN_UNUSED_VARIABLE = YES;
				IPHONEOS_DEPLOYMENT_TARGET = 11.0;
				MTL_ENABLE_DEBUG_INFO = YES;
				ONLY_ACTIVE_ARCH = YES;
				SDKROOT = iphoneos;
				SWIFT_ACTIVE_COMPILATION_CONDITIONS = DEBUG;
				SWIFT_OPTIMIZATION_LEVEL = "-Onone";
			};
			name = Debug;
		};
		5501E92E1FA4EC7300DB6B0F /* Release */ = {
			isa = XCBuildConfiguration;
			buildSettings = {
				ALWAYS_SEARCH_USER_PATHS = NO;
				CLANG_ANALYZER_NONNULL = YES;
				CLANG_ANALYZER_NUMBER_OBJECT_CONVERSION = YES_AGGRESSIVE;
				CLANG_CXX_LANGUAGE_STANDARD = "gnu++14";
				CLANG_CXX_LIBRARY = "libc++";
				CLANG_ENABLE_MODULES = YES;
				CLANG_ENABLE_OBJC_ARC = YES;
				CLANG_WARN_BLOCK_CAPTURE_AUTORELEASING = YES;
				CLANG_WARN_BOOL_CONVERSION = YES;
				CLANG_WARN_COMMA = YES;
				CLANG_WARN_CONSTANT_CONVERSION = YES;
				CLANG_WARN_DIRECT_OBJC_ISA_USAGE = YES_ERROR;
				CLANG_WARN_DOCUMENTATION_COMMENTS = YES;
				CLANG_WARN_EMPTY_BODY = YES;
				CLANG_WARN_ENUM_CONVERSION = YES;
				CLANG_WARN_INFINITE_RECURSION = YES;
				CLANG_WARN_INT_CONVERSION = YES;
				CLANG_WARN_NON_LITERAL_NULL_CONVERSION = YES;
				CLANG_WARN_OBJC_LITERAL_CONVERSION = YES;
				CLANG_WARN_OBJC_ROOT_CLASS = YES_ERROR;
				CLANG_WARN_RANGE_LOOP_ANALYSIS = YES;
				CLANG_WARN_STRICT_PROTOTYPES = YES;
				CLANG_WARN_SUSPICIOUS_MOVE = YES;
				CLANG_WARN_UNGUARDED_AVAILABILITY = YES_AGGRESSIVE;
				CLANG_WARN_UNREACHABLE_CODE = YES;
				CLANG_WARN__DUPLICATE_METHOD_MATCH = YES;
				CODE_SIGN_IDENTITY = "iPhone Developer";
				COPY_PHASE_STRIP = NO;
				DEBUG_INFORMATION_FORMAT = "dwarf-with-dsym";
				ENABLE_NS_ASSERTIONS = NO;
				ENABLE_STRICT_OBJC_MSGSEND = YES;
				GCC_C_LANGUAGE_STANDARD = gnu11;
				GCC_NO_COMMON_BLOCKS = YES;
				GCC_WARN_64_TO_32_BIT_CONVERSION = YES;
				GCC_WARN_ABOUT_RETURN_TYPE = YES_ERROR;
				GCC_WARN_UNDECLARED_SELECTOR = YES;
				GCC_WARN_UNINITIALIZED_AUTOS = YES_AGGRESSIVE;
				GCC_WARN_UNUSED_FUNCTION = YES;
				GCC_WARN_UNUSED_VARIABLE = YES;
				IPHONEOS_DEPLOYMENT_TARGET = 11.0;
				MTL_ENABLE_DEBUG_INFO = NO;
				SDKROOT = iphoneos;
				SWIFT_OPTIMIZATION_LEVEL = "-Owholemodule";
				VALIDATE_PRODUCT = YES;
			};
			name = Release;
		};
		5501E9301FA4EC7300DB6B0F /* Debug */ = {
			isa = XCBuildConfiguration;
			buildSettings = {
				ASSETCATALOG_COMPILER_APPICON_NAME = AppIcon;
				CODE_SIGN_STYLE = Automatic;
				INFOPLIST_FILE = Project25/Info.plist;
				LD_RUNPATH_SEARCH_PATHS = "$(inherited) @executable_path/Frameworks";
				PRODUCT_BUNDLE_IDENTIFIER = com.example.Project25;
				PRODUCT_NAME = "$(TARGET_NAME)";
				SWIFT_VERSION = 4.0;
				TARGETED_DEVICE_FAMILY = "1,2";
			};
			name = Debug;
		};
		5501E9311FA4EC7300DB6B0F /* Release */ = {
			isa = XCBuildConfiguration;
			buildSettings = {
				ASSETCATALOG_COMPILER_APPICON_NAME = AppIcon;
				CODE_SIGN_STYLE = Automatic;
				INFOPLIST_FILE = Project25/Info.plist;
				LD_RUNPATH_SEARCH_PATHS = "$(inherited) @executable_path/Frameworks";
				PRODUCT_BUNDLE_IDENTIFIER = com.example.Project25;
				PRODUCT_NAME = "$(TARGET_NAME)";
				SWIFT_VERSION = 4.0;
				TARGETED_DEVICE_FAMILY = "1,2";
			};
			name = Release;
		};
		5501E9331FA4EC7300DB6B0F /* Debug */ = {
			isa = XCBuildConfiguration;
			buildSettings = {
				ALWAYS_EMBED_SWIFT_STANDARD_LIBRARIES = YES;
				BUNDLE_LOADER = "$(TEST_HOST)";
				CODE_SIGN_STYLE = Automatic;
				INFOPLIST_FILE = Project25Tests/Info.plist;
				LD_RUNPATH_SEARCH_PATHS = "$(inherited) @executable_path/Frameworks @loader_path/Frameworks";
				PRODUCT_BUNDLE_IDENTIFIER = com.example.Project25Tests;
				PRODUCT_NAME = "$(TARGET_NAME)";
				SWIFT_VERSION = 4.0;
				TARGETED_DEVICE_FAMILY = "1,2";
				TEST_HOST = "$(BUILT_PRODUCTS_DIR)/Project25.app/Project25";
			};
			name = Debug;
		};
		5501E9341FA4EC7300DB6B0F /* Release */ = {
			isa = XCBuildConfiguration;
			buildSettings = {
				ALWAYS_EMBED_SWIFT_STANDARD_LIBRARIES = YES;
				BUNDLE_LOADER = "$(TEST_HOST)";
				CODE_SIGN_STYLE = Automatic;
				INFOPLIST_FILE = Project25Tests/Info.plist;
				LD_RUNPATH_SEARCH_PATHS = "$(inherited) @executable_path/Frameworks @loader_path/Frameworks";
				PRODUCT_BUNDLE_IDENTIFIER = com.example.Project25Tests;
				PRODUCT_NAME = "$(TARGET_NAME)";
				SWIFT_VERSION = 4.0;
				TARGETED_DEVICE_FAMILY = "1,2";
				TEST_HOST = "$(BUILT_PRODUCTS_DIR)/Project25.app/Project25";
			};
			name = Release;
		};
/* End XCBuildConfiguration section */

/* Begin XCConfigurationList section */
		5501E90D1FA4EC7300DB6B0F /* Build configuration list for PBXProject "Project25" */ = {
			isa = XCConfigurationList;
			buildConfigurations = (
				5501E92D1FA4EC7300DB6B0F /* Debug */,
				5501E92E1FA4EC7300DB6B0F /* Release */,
			);
			defaultConfigurationIsVisible = 0;
			defaultConfigurationName = Release;
		};
		5501E92F1FA4EC7300DB6B0F /* Build configuration list for PBXNativeTarget "Project25" */ = {
			isa = XCConfigurationList;
			buildConfigurations = (
				5501E9301FA4EC7300DB6B0F /* Debug */,
				5501E9311FA4EC7300DB6B0F /* Release */,
			);
			defaultConfigurationIsVisible = 0;
			defaultConfigurationName = Release;
		};
		5501E9321FA4EC7300DB6B0F /* Build configuration list for PBXNativeTarget "Project25Tests" */ = {
			isa = XCConfigurationList;
			buildConfigurations = (
				5501E9331FA4EC7300DB6B0F /* Debug */,
				5501E9341FA4EC7300DB6B0F /* Release */,
			);
			defaultConfigurationIsVisible = 0;
			defaultConfigurationName = Release;
		};
/* End XCConfigurationList section */
	};
	rootObject = 5501E90A1FA4EC7300DB6B0F /* Project object */;
}
